
Microsoft Visual Studio Solution File, Format Version 12.00
# Visual Studio Version 17
VisualStudioVersion = 17.12.35707.178 d17.12
MinimumVisualStudioVersion = 10.0.40219.1
Project("{FAE04EC0-301F-11D3-BF4B-00C04F79EFBC}") = "BackendAPI", "BackendAPI\BackendAPI.csproj", "{F53BCB18-78B3-47B1-B6AF-E8124D52F19C}"
EndProject
Global
	GlobalSection(SolutionConfigurationPlatforms) = preSolution
		Debug|Any CPU = Debug|Any CPU
		Release|Any CPU = Release|Any CPU
	EndGlobalSection
	GlobalSection(ProjectConfigurationPlatforms) = postSolution
		{F53BCB18-78B3-47B1-B6AF-E8124D52F19C}.Debug|Any CPU.ActiveCfg = Debug|Any CPU
		{F53BCB18-78B3-47B1-B6AF-E8124D52F19C}.Debug|Any CPU.Build.0 = Debug|Any CPU
		{F53BCB18-78B3-47B1-B6AF-E8124D52F19C}.Release|Any CPU.ActiveCfg = Release|Any CPU
		{F53BCB18-78B3-47B1-B6AF-E8124D52F19C}.Release|Any CPU.Build.0 = Release|Any CPU
	EndGlobalSection
	GlobalSection(SolutionProperties) = preSolution
		HideSolutionNode = FALSE
	EndGlobalSection
EndGlobal
